// !$*UTF8*$!
{
	archiveVersion = 1;
	classes = {
	};
	objectVersion = 46;
	objects = {

/* Begin PBXBuildFile section */
		EF6DBBB116C4D69E00D85B88 /* UIKit.framework in Frameworks */ = {isa = PBXBuildFile; fileRef = EF6DBBB016C4D69E00D85B88 /* UIKit.framework */; };
		EF6DBBB316C4D69E00D85B88 /* Foundation.framework in Frameworks */ = {isa = PBXBuildFile; fileRef = EF6DBBB216C4D69E00D85B88 /* Foundation.framework */; };
		EF6DBBB516C4D69E00D85B88 /* CoreGraphics.framework in Frameworks */ = {isa = PBXBuildFile; fileRef = EF6DBBB416C4D69E00D85B88 /* CoreGraphics.framework */; };
		EF6DBBBB16C4D69E00D85B88 /* InfoPlist.strings in Resources */ = {isa = PBXBuildFile; fileRef = EF6DBBB916C4D69E00D85B88 /* InfoPlist.strings */; };
		EF6DBBBD16C4D69E00D85B88 /* main.m in Sources */ = {isa = PBXBuildFile; fileRef = EF6DBBBC16C4D69E00D85B88 /* main.m */; };
		EF6DBBC116C4D69F00D85B88 /* AppDelegate.m in Sources */ = {isa = PBXBuildFile; fileRef = EF6DBBC016C4D69F00D85B88 /* AppDelegate.m */; };
		EF6DBBC416C4D69F00D85B88 /* MainStoryboard_iPhone.storyboard in Resources */ = {isa = PBXBuildFile; fileRef = EF6DBBC216C4D69F00D85B88 /* MainStoryboard_iPhone.storyboard */; };
		EF6DBBC716C4D69F00D85B88 /* MainStoryboard_iPad.storyboard in Resources */ = {isa = PBXBuildFile; fileRef = EF6DBBC516C4D69F00D85B88 /* MainStoryboard_iPad.storyboard */; };
		EF6DBBCA16C4D69F00D85B88 /* ViewController.m in Sources */ = {isa = PBXBuildFile; fileRef = EF6DBBC916C4D69F00D85B88 /* ViewController.m */; };
/* End PBXBuildFile section */

/* Begin PBXFileReference section */
		EF6DBBAC16C4D69E00D85B88 /* MatchingCards.app */ = {isa = PBXFileReference; explicitFileType = wrapper.application; includeInIndex = 0; path = MatchingCards.app; sourceTree = BUILT_PRODUCTS_DIR; };
		EF6DBBB016C4D69E00D85B88 /* UIKit.framework */ = {isa = PBXFileReference; lastKnownFileType = wrapper.framework; name = UIKit.framework; path = System/Library/Frameworks/UIKit.framework; sourceTree = SDKROOT; };
		EF6DBBB216C4D69E00D85B88 /* Foundation.framework */ = {isa = PBXFileReference; lastKnownFileType = wrapper.framework; name = Foundation.framework; path = System/Library/Frameworks/Foundation.framework; sourceTree = SDKROOT; };
		EF6DBBB416C4D69E00D85B88 /* CoreGraphics.framework */ = {isa = PBXFileReference; lastKnownFileType = wrapper.framework; name = CoreGraphics.framework; path = System/Library/Frameworks/CoreGraphics.framework; sourceTree = SDKROOT; };
		EF6DBBB816C4D69E00D85B88 /* MatchingCards-Info.plist */ = {isa = PBXFileReference; path = "MatchingCards-Info.plist"; sourceTree = "<group>"; };
		EF6DBBBA16C4D69E00D85B88 /* en */ = {isa = PBXFileReference; lastKnownFileType = text.plist.strings; name = en; path = en.lproj/InfoPlist.strings; sourceTree = "<group>"; };
		EF6DBBBC16C4D69E00D85B88 /* main.m */ = {isa = PBXFileReference; lastKnownFileType = sourcecode.c.objc; path = main.m; sourceTree = "<group>"; };
		EF6DBBBE16C4D69E00D85B88 /* MatchingCards-Prefix.pch */ = {isa = PBXFileReference; path = "MatchingCards-Prefix.pch"; sourceTree = "<group>"; };
		EF6DBBBF16C4D69E00D85B88 /* AppDelegate.h */ = {isa = PBXFileReference; path = AppDelegate.h; sourceTree = "<group>"; };
		EF6DBBC016C4D69F00D85B88 /* AppDelegate.m */ = {isa = PBXFileReference; lastKnownFileType = sourcecode.c.objc; path = AppDelegate.m; sourceTree = "<group>"; };
		EF6DBBC316C4D69F00D85B88 /* en */ = {isa = PBXFileReference; lastKnownFileType = file.storyboard; name = en; path = en.lproj/MainStoryboard_iPhone.storyboard; sourceTree = "<group>"; };
		EF6DBBC616C4D69F00D85B88 /* en */ = {isa = PBXFileReference; lastKnownFileType = file.storyboard; name = en; path = en.lproj/MainStoryboard_iPad.storyboard; sourceTree = "<group>"; };
		EF6DBBC816C4D69F00D85B88 /* ViewController.h */ = {isa = PBXFileReference; path = ViewController.h; sourceTree = "<group>"; };
		EF6DBBC916C4D69F00D85B88 /* ViewController.m */ = {isa = PBXFileReference; lastKnownFileType = sourcecode.c.objc; path = ViewController.m; sourceTree = "<group>"; };
/* End PBXFileReference section */

/* Begin PBXFrameworksBuildPhase section */
		EF6DBBA916C4D69E00D85B88 /* Frameworks */ = {
			isa = PBXFrameworksBuildPhase;
			buildActionMask = 2147483647;
			files = (
				EF6DBBB116C4D69E00D85B88 /* UIKit.framework in Frameworks */,
				EF6DBBB316C4D69E00D85B88 /* Foundation.framework in Frameworks */,
				EF6DBBB516C4D69E00D85B88 /* CoreGraphics.framework in Frameworks */,
			);
			runOnlyForDeploymentPostprocessing = 0;
		};
/* End PBXFrameworksBuildPhase section */

/* Begin PBXGroup section */
		EF6DBBA116C4D69D00D85B88 = {
			isa = PBXGroup;
			children = (
				EF6DBBB616C4D69E00D85B88 /* MatchingCards */,
				EF6DBBAF16C4D69E00D85B88 /* Frameworks */,
				EF6DBBAD16C4D69E00D85B88 /* Products */,
			);
			sourceTree = "<group>";
		};
		EF6DBBAD16C4D69E00D85B88 /* Products */ = {
			isa = PBXGroup;
			children = (
				EF6DBBAC16C4D69E00D85B88 /* MatchingCards.app */,
			);
			name = Products;
			sourceTree = "<group>";
		};
		EF6DBBAF16C4D69E00D85B88 /* Frameworks */ = {
			isa = PBXGroup;
			children = (
				EF6DBBB016C4D69E00D85B88 /* UIKit.framework */,
				EF6DBBB216C4D69E00D85B88 /* Foundation.framework */,
				EF6DBBB416C4D69E00D85B88 /* CoreGraphics.framework */,
			);
			name = Frameworks;
			sourceTree = "<group>";
		};
		EF6DBBB616C4D69E00D85B88 /* MatchingCards */ = {
			isa = PBXGroup;
			children = (
				EF6DBBBF16C4D69E00D85B88 /* AppDelegate.h */,
				EF6DBBC016C4D69F00D85B88 /* AppDelegate.m */,
				EF6DBBC216C4D69F00D85B88 /* MainStoryboard_iPhone.storyboard */,
				EF6DBBC516C4D69F00D85B88 /* MainStoryboard_iPad.storyboard */,
				EF6DBBC816C4D69F00D85B88 /* ViewController.h */,
				EF6DBBC916C4D69F00D85B88 /* ViewController.m */,
				EF6DBBB716C4D69E00D85B88 /* Supporting Files */,
			);
			path = MatchingCards;
			sourceTree = "<group>";
		};
		EF6DBBB716C4D69E00D85B88 /* Supporting Files */ = {
			isa = PBXGroup;
			children = (
				EF6DBBB816C4D69E00D85B88 /* MatchingCards-Info.plist */,
				EF6DBBB916C4D69E00D85B88 /* InfoPlist.strings */,
				EF6DBBBC16C4D69E00D85B88 /* main.m */,
				EF6DBBBE16C4D69E00D85B88 /* MatchingCards-Prefix.pch */,
			);
			name = "Supporting Files";
			sourceTree = "<group>";
		};
/* End PBXGroup section */

/* Begin PBXNativeTarget section */
		EF6DBBAB16C4D69E00D85B88 /* MatchingCards */ = {
			isa = PBXNativeTarget;
			buildConfigurationList = EF6DBBCD16C4D69F00D85B88 /* Build configuration list for PBXNativeTarget "MatchingCards" */;
			buildPhases = (
				EF6DBBA816C4D69E00D85B88 /* Sources */,
				EF6DBBA916C4D69E00D85B88 /* Frameworks */,
				EF6DBBAA16C4D69E00D85B88 /* Resources */,
			);
			buildRules = (
			);
			dependencies = (
			);
			name = MatchingCards;
			productName = MatchingCards;
			productReference = EF6DBBAC16C4D69E00D85B88 /* MatchingCards.app */;
			productType = "com.apple.product-type.application";
		};
/* End PBXNativeTarget section */

/* Begin PBXProject section */
		EF6DBBA316C4D69D00D85B88 /* Project object */ = {
			isa = PBXProject;
			attributes = {
				LastUpgradeCheck = 0420;
			};
			buildConfigurationList = EF6DBBA616C4D69D00D85B88 /* Build configuration list for PBXProject "MatchingCards" */;
			compatibilityVersion = "Xcode 3.2";
			developmentRegion = English;
			hasScannedForEncodings = 0;
			knownRegions = (
				en,
			);
			mainGroup = EF6DBBA116C4D69D00D85B88;
			productRefGroup = EF6DBBAD16C4D69E00D85B88 /* Products */;
			projectDirPath = "";
			projectRoot = "";
			targets = (
				EF6DBBAB16C4D69E00D85B88 /* MatchingCards */,
			);
		};
/* End PBXProject section */

/* Begin PBXResourcesBuildPhase section */
		EF6DBBAA16C4D69E00D85B88 /* Resources */ = {
			isa = PBXResourcesBuildPhase;
			buildActionMask = 2147483647;
			files = (
				EF6DBBBB16C4D69E00D85B88 /* InfoPlist.strings in Resources */,
				EF6DBBC416C4D69F00D85B88 /* MainStoryboard_iPhone.storyboard in Resources */,
				EF6DBBC716C4D69F00D85B88 /* MainStoryboard_iPad.storyboard in Resources */,
			);
			runOnlyForDeploymentPostprocessing = 0;
		};
/* End PBXResourcesBuildPhase section */

/* Begin PBXSourcesBuildPhase section */
		EF6DBBA816C4D69E00D85B88 /* Sources */ = {
			isa = PBXSourcesBuildPhase;
			buildActionMask = 2147483647;
			files = (
				EF6DBBBD16C4D69E00D85B88 /* main.m in Sources */,
				EF6DBBC116C4D69F00D85B88 /* AppDelegate.m in Sources */,
				EF6DBBCA16C4D69F00D85B88 /* ViewController.m in Sources */,
			);
			runOnlyForDeploymentPostprocessing = 0;
		};
/* End PBXSourcesBuildPhase section */

/* Begin PBXVariantGroup section */
		EF6DBBB916C4D69E00D85B88 /* InfoPlist.strings */ = {
			isa = PBXVariantGroup;
			children = (
				EF6DBBBA16C4D69E00D85B88 /* en */,
			);
			name = InfoPlist.strings;
			sourceTree = "<group>";
		};
		EF6DBBC216C4D69F00D85B88 /* MainStoryboard_iPhone.storyboard */ = {
			isa = PBXVariantGroup;
			children = (
				EF6DBBC316C4D69F00D85B88 /* en */,
			);
			name = MainStoryboard_iPhone.storyboard;
			sourceTree = "<group>";
		};
		EF6DBBC516C4D69F00D85B88 /* MainStoryboard_iPad.storyboard */ = {
			isa = PBXVariantGroup;
			children = (
				EF6DBBC616C4D69F00D85B88 /* en */,
			);
			name = MainStoryboard_iPad.storyboard;
			sourceTree = "<group>";
		};
/* End PBXVariantGroup section */

/* Begin XCBuildConfiguration section */
		EF6DBBCB16C4D69F00D85B88 /* Debug */ = {
			isa = XCBuildConfiguration;
			buildSettings = {
				ALWAYS_SEARCH_USER_PATHS = NO;
				ARCHS = "$(ARCHS_STANDARD_32_BIT)";
				CLANG_ENABLE_OBJC_ARC = YES;
				"CODE_SIGN_IDENTITY[sdk=iphoneos*]" = "iPhone Developer";
				COPY_PHASE_STRIP = NO;
				GCC_C_LANGUAGE_STANDARD = gnu99;
				GCC_DYNAMIC_NO_PIC = NO;
				GCC_OPTIMIZATION_LEVEL = 0;
				GCC_PREPROCESSOR_DEFINITIONS = (
					"DEBUG=1",
					"$(inherited)",
				);
				GCC_SYMBOLS_PRIVATE_EXTERN = NO;
				GCC_VERSION = com.apple.compilers.llvm.clang.1_0;
				GCC_WARN_ABOUT_MISSING_PROTOTYPES = YES;
				GCC_WARN_ABOUT_RETURN_TYPE = YES;
				GCC_WARN_UNUSED_VARIABLE = YES;
				IPHONEOS_DEPLOYMENT_TARGET = 5.0;
				SDKROOT = iphoneos;
				TARGETED_DEVICE_FAMILY = "1,2";
			};
			name = Debug;
		};
		EF6DBBCC16C4D69F00D85B88 /* Release */ = {
			isa = XCBuildConfiguration;
			buildSettings = {
				ALWAYS_SEARCH_USER_PATHS = NO;
				ARCHS = "$(ARCHS_STANDARD_32_BIT)";
				CLANG_ENABLE_OBJC_ARC = YES;
				"CODE_SIGN_IDENTITY[sdk=iphoneos*]" = "iPhone Developer";
				COPY_PHASE_STRIP = YES;
				GCC_C_LANGUAGE_STANDARD = gnu99;
				GCC_VERSION = com.apple.compilers.llvm.clang.1_0;
				GCC_WARN_ABOUT_MISSING_PROTOTYPES = YES;
				GCC_WARN_ABOUT_RETURN_TYPE = YES;
				GCC_WARN_UNUSED_VARIABLE = YES;
				IPHONEOS_DEPLOYMENT_TARGET = 5.0;
				OTHER_CFLAGS = "-DNS_BLOCK_ASSERTIONS=1";
				SDKROOT = iphoneos;
				TARGETED_DEVICE_FAMILY = "1,2";
				VALIDATE_PRODUCT = YES;
			};
			name = Release;
		};
		EF6DBBCE16C4D69F00D85B88 /* Debug */ = {
			isa = XCBuildConfiguration;
			buildSettings = {
				GCC_PRECOMPILE_PREFIX_HEADER = YES;
				GCC_PREFIX_HEADER = "MatchingCards/MatchingCards-Prefix.pch";
				INFOPLIST_FILE = "MatchingCards/MatchingCards-Info.plist";
				PRODUCT_NAME = "$(TARGET_NAME)";
				WRAPPER_EXTENSION = app;
			};
			name = Debug;
		};
		EF6DBBCF16C4D69F00D85B88 /* Release */ = {
			isa = XCBuildConfiguration;
			buildSettings = {
				GCC_PRECOMPILE_PREFIX_HEADER = YES;
				GCC_PREFIX_HEADER = "MatchingCards/MatchingCards-Prefix.pch";
				INFOPLIST_FILE = "MatchingCards/MatchingCards-Info.plist";
				PRODUCT_NAME = "$(TARGET_NAME)";
				WRAPPER_EXTENSION = app;
			};
			name = Release;
		};
/* End XCBuildConfiguration section */

/* Begin XCConfigurationList section */
		EF6DBBA616C4D69D00D85B88 /* Build configuration list for PBXProject "MatchingCards" */ = {
			isa = XCConfigurationList;
			buildConfigurations = (
				EF6DBBCB16C4D69F00D85B88 /* Debug */,
				EF6DBBCC16C4D69F00D85B88 /* Release */,
			);
			defaultConfigurationIsVisible = 0;
			defaultConfigurationName = Release;
		};
		EF6DBBCD16C4D69F00D85B88 /* Build configuration list for PBXNativeTarget "MatchingCards" */ = {
			isa = XCConfigurationList;
			buildConfigurations = (
				EF6DBBCE16C4D69F00D85B88 /* Debug */,
				EF6DBBCF16C4D69F00D85B88 /* Release */,
			);
			defaultConfigurationIsVisible = 0;
		};
/* End XCConfigurationList section */
	};
	rootObject = EF6DBBA316C4D69D00D85B88 /* Project object */;
}
